
Microsoft Visual Studio Solution File, Format Version 10.00
# Visual Studio 2008
Project("{8BC9CEB8-8B4A-11D0-8D11-00A0C91BC942}") = "Proj2_1_V1", "Proj2_1_V1\Proj2_1_V1.vcproj", "{B4419B96-73B8-433B-AA46-1DD8B538D8BD}"
EndProject
Global
	GlobalSection(SolutionConfigurationPlatforms) = preSolution
		Debug|Win32 = Debug|Win32
		Release|Win32 = Release|Win32
	EndGlobalSection
	GlobalSection(ProjectConfigurationPlatforms) = postSolution
		{B4419B96-73B8-433B-AA46-1DD8B538D8BD}.Debug|Win32.ActiveCfg = Debug|Win32
		{B4419B96-73B8-433B-AA46-1DD8B538D8BD}.Debug|Win32.Build.0 = Debug|Win32
		{B4419B96-73B8-433B-AA46-1DD8B538D8BD}.Release|Win32.ActiveCfg = Release|Win32
		{B4419B96-73B8-433B-AA46-1DD8B538D8BD}.Release|Win32.Build.0 = Release|Win32
	EndGlobalSection
	GlobalSection(SolutionProperties) = preSolution
		HideSolutionNode = FALSE
	EndGlobalSection
EndGlobal
